{
  "nodes": {
    "emacs-overlay": {
      "inputs": {
        "nixpkgs": [
          "nixpkgs"
        ],
        "nixpkgs-stable": [
          "nixpkgs-stable"
        ]
      },
      "locked": {
        "lastModified": 1776744547,
        "narHash": "sha256-LtoPGSsFycEwOGxN4PkVErgthnv3H6NLRNmauFGAu08=",
        "owner": "nix-community",
        "repo": "emacs-overlay",
        "rev": "acdd0aad1616886943ea60d8b1376418d1a2cc4c",
        "type": "github"
      },
      "original": {
        "owner": "nix-community",
        "repo": "emacs-overlay",
        "type": "github"
      }
    },
    "home-manager": {
      "inputs": {
        "nixpkgs": [
          "nixpkgs"
        ]
      },
      "locked": {
        "lastModified": 1776721614,
        "narHash": "sha256-zGuW7C4tsScib2560yE5VV6lY/MdRs30aU9cbg3RP+U=",
        "owner": "nix-community",
        "repo": "home-manager",
        "rev": "c555a4a34a260493be5adb795c54e013c58f2d34",
        "type": "github"
      },
      "original": {
        "owner": "nix-community",
        "repo": "home-manager",
        "type": "github"
      }
    },
    "irif-vpn-cert": {
      "flake": false,
      "locked": {
        "narHash": "sha256-y87qj1jAa9Y6uUlaNvEMt6Ekzd8YJm0d4C4saA3nGEE=",
        "type": "file",
        "url": "https://www.math.univ-paris-diderot.fr/sysadmin/_media/net/openvpn/ca.crt"
      },
      "original": {
        "type": "file",
        "url": "https://www.math.univ-paris-diderot.fr/sysadmin/_media/net/openvpn/ca.crt"
      }
    },
    "irif-vpn-config": {
      "flake": false,
      "locked": {
        "narHash": "sha256-tlJPmbxU/mG9kNY8zCeo2Wsq0mvvKT+6okAdfOae4HY=",
        "type": "file",
        "url": "https://www.math.univ-paris-diderot.fr/sysadmin/_media/net/openvpn/sg.ovpn"
      },
      "original": {
        "type": "file",
        "url": "https://www.math.univ-paris-diderot.fr/sysadmin/_media/net/openvpn/sg.ovpn"
      }
    },
    "isc": {
      "inputs": {
        "nixpkgs": [
          "nixpkgs"
        ],
        "utils": "utils"
      },
      "locked": {
        "lastModified": 1759525841,
        "narHash": "sha256-qrz6ZMYx3ObqjdeRcDtahi7q5D6nMyB80ZgusONK4xE=",
        "owner": "jthulhu",
        "repo": "isc",
        "rev": "ec8f2b81956cf4d9508bbbe5ba311e3746dcdf6b",
        "type": "github"
      },
      "original": {
        "owner": "jthulhu",
        "repo": "isc",
        "type": "github"
      }
    },
    "kbd-mode": {
      "flake": false,
      "locked": {
        "lastModified": 1768050587,
        "narHash": "sha256-oF2B5L2RSHXX21O3wGPPLiR+II7BA8jZ6MFgrOruomE=",
        "owner": "kmonad",
        "repo": "kbd-mode",
        "rev": "1c81889f00de92483b48a16bb32b4c2a5eddcfc1",
        "type": "github"
      },
      "original": {
        "owner": "kmonad",
        "repo": "kbd-mode",
        "type": "github"
      }
    },
    "lean4-mode": {
      "flake": false,
      "locked": {
        "lastModified": 1748752682,
        "narHash": "sha256-6XFcyqSTx1CwNWqQvIc25cuQMwh3YXnbgr5cDiOCxBk=",
        "owner": "leanprover",
        "repo": "lean4-mode",
        "rev": "1388f9d1429e38a39ab913c6daae55f6ce799479",
        "type": "github"
      },
      "original": {
        "owner": "leanprover",
        "repo": "lean4-mode",
        "type": "github"
      }
    },
    "nix-index-database": {
      "inputs": {
        "nixpkgs": [
          "nixpkgs"
        ]
      },
      "locked": {
        "lastModified": 1776575850,
        "narHash": "sha256-28Gqz0GDpGsBv8GtAn2dywEQRr+CtTDsD5J7VD6icBE=",
        "owner": "nix-community",
        "repo": "nix-index-database",
        "rev": "3b9653a107c736222b5ae0d4036dd3b885219065",
        "type": "github"
      },
      "original": {
        "owner": "nix-community",
        "repo": "nix-index-database",
        "type": "github"
      }
    },
    "nixpkgs": {
      "locked": {
        "lastModified": 1776548001,
        "narHash": "sha256-ZSK0NL4a1BwVbbTBoSnWgbJy9HeZFXLYQizjb2DPF24=",
        "owner": "nixos",
        "repo": "nixpkgs",
        "rev": "b12141ef619e0a9c1c84dc8c684040326f27cdcc",
        "type": "github"
      },
      "original": {
        "owner": "nixos",
        "ref": "nixos-unstable",
        "repo": "nixpkgs",
        "type": "github"
      }
    },
    "nixpkgs-stable": {
      "locked": {
        "lastModified": 1776434932,
        "narHash": "sha256-gyqXNMgk3sh+ogY5svd2eNLJ6oEwzbAeaoBrrxD0lKk=",
        "owner": "nixos",
        "repo": "nixpkgs",
        "rev": "c7f47036d3df2add644c46d712d14262b7d86c0c",
        "type": "github"
      },
      "original": {
        "owner": "nixos",
        "ref": "nixos-25.11",
        "repo": "nixpkgs",
        "type": "github"
      }
    },
    "root": {
      "inputs": {
        "emacs-overlay": "emacs-overlay",
        "home-manager": "home-manager",
        "irif-vpn-cert": "irif-vpn-cert",
        "irif-vpn-config": "irif-vpn-config",
        "isc": "isc",
        "kbd-mode": "kbd-mode",
        "lean4-mode": "lean4-mode",
        "nix-index-database": "nix-index-database",
        "nixpkgs": "nixpkgs",
        "nixpkgs-stable": "nixpkgs-stable",
        "typst-preview": "typst-preview",
        "typst-ts-mode": "typst-ts-mode"
      }
    },
    "typst-preview": {
      "flake": false,
      "locked": {
        "lastModified": 1771195960,
        "narHash": "sha256-XMwtY3oNvJmlIzGyoz3NW/y3tJXoGTQTXfLXiWLKS1M=",
        "owner": "havarddj",
        "repo": "typst-preview.el",
        "rev": "7e89cf105e4fef5e79977a4a790d5b3b18d305f6",
        "type": "github"
      },
      "original": {
        "owner": "havarddj",
        "repo": "typst-preview.el",
        "type": "github"
      }
    },
    "typst-ts-mode": {
      "flake": false,
      "locked": {
        "lastModified": 1776249332,
        "narHash": "sha256-B1GAyYWLUipsTD7DHH7TSZjWtp1gru4YdOXqXmPeedU=",
        "ref": "refs/heads/develop",
        "rev": "278562d702de429f5c4369c007913ca0ef1584f3",
        "revCount": 317,
        "type": "git",
        "url": "https://codeberg.org/meow_king/typst-ts-mode"
      },
      "original": {
        "type": "git",
        "url": "https://codeberg.org/meow_king/typst-ts-mode"
      }
    },
    "utils": {
      "locked": {
        "lastModified": 1656928814,
        "narHash": "sha256-RIFfgBuKz6Hp89yRr7+NR5tzIAbn52h8vT6vXkYjZoM=",
        "owner": "numtide",
        "repo": "flake-utils",
        "rev": "7e2a3b3dfd9af950a856d66b0a7d01e3c18aa249",
        "type": "github"
      },
      "original": {
        "owner": "numtide",
        "repo": "flake-utils",
        "type": "github"
      }
    }
  },
  "root": "root",
  "version": 7
}
